// !$*UTF8*$!
{
	archiveVersion = 1;
	classes = {
	};
	objectVersion = 46;
	objects = {

/* Begin PBXBuildFile section */
		3C21F0981CBC8BBC00F88104 /* main.m in Sources */ = {isa = PBXBuildFile; fileRef = 3C21F0971CBC8BBC00F88104 /* main.m */; };
		3C21F09B1CBC8BBD00F88104 /* AppDelegate.m in Sources */ = {isa = PBXBuildFile; fileRef = 3C21F09A1CBC8BBD00F88104 /* AppDelegate.m */; };
		3C21F09E1CBC8BBD00F88104 /* GameScene.m in Sources */ = {isa = PBXBuildFile; fileRef = 3C21F09D1CBC8BBD00F88104 /* GameScene.m */; };
		3C21F0A01CBC8BBD00F88104 /* GameScene.sks in Resources */ = {isa = PBXBuildFile; fileRef = 3C21F09F1CBC8BBD00F88104 /* GameScene.sks */; };
		3C21F0A31CBC8BBD00F88104 /* GameViewController.m in Sources */ = {isa = PBXBuildFile; fileRef = 3C21F0A21CBC8BBD00F88104 /* GameViewController.m */; };
		3C21F0A61CBC8BBD00F88104 /* Main.storyboard in Resources */ = {isa = PBXBuildFile; fileRef = 3C21F0A41CBC8BBD00F88104 /* Main.storyboard */; };
		3C21F0A81CBC8BBD00F88104 /* Assets.xcassets in Resources */ = {isa = PBXBuildFile; fileRef = 3C21F0A71CBC8BBD00F88104 /* Assets.xcassets */; };
		3C21F0AB1CBC8BBD00F88104 /* LaunchScreen.storyboard in Resources */ = {isa = PBXBuildFile; fileRef = 3C21F0A91CBC8BBD00F88104 /* LaunchScreen.storyboard */; };
		3C21F0B31CBC8CB400F88104 /* Rainbow.jpg in Resources */ = {isa = PBXBuildFile; fileRef = 3C21F0B21CBC8CB400F88104 /* Rainbow.jpg */; };
		3C21F0B51CBC8F4800F88104 /* shader_bw.fsh in Resources */ = {isa = PBXBuildFile; fileRef = 3C21F0B41CBC8F4800F88104 /* shader_bw.fsh */; };
		3C21F0B71CBC8FA900F88104 /* dummypixel.png in Resources */ = {isa = PBXBuildFile; fileRef = 3C21F0B61CBC8FA900F88104 /* dummypixel.png */; };
/* End PBXBuildFile section */

/* Begin PBXFileReference section */
		3C21F0931CBC8BBC00F88104 /* SKShaderBWWindow.app */ = {isa = PBXFileReference; explicitFileType = wrapper.application; includeInIndex = 0; path = SKShaderBWWindow.app; sourceTree = BUILT_PRODUCTS_DIR; };
		3C21F0971CBC8BBC00F88104 /* main.m */ = {isa = PBXFileReference; lastKnownFileType = sourcecode.c.objc; path = main.m; sourceTree = "<group>"; };
		3C21F0991CBC8BBC00F88104 /* AppDelegate.h */ = {isa = PBXFileReference; lastKnownFileType = sourcecode.c.h; path = AppDelegate.h; sourceTree = "<group>"; };
		3C21F09A1CBC8BBD00F88104 /* AppDelegate.m */ = {isa = PBXFileReference; lastKnownFileType = sourcecode.c.objc; path = AppDelegate.m; sourceTree = "<group>"; };
		3C21F09C1CBC8BBD00F88104 /* GameScene.h */ = {isa = PBXFileReference; lastKnownFileType = sourcecode.c.h; path = GameScene.h; sourceTree = "<group>"; };
		3C21F09D1CBC8BBD00F88104 /* GameScene.m */ = {isa = PBXFileReference; lastKnownFileType = sourcecode.c.objc; path = GameScene.m; sourceTree = "<group>"; };
		3C21F09F1CBC8BBD00F88104 /* GameScene.sks */ = {isa = PBXFileReference; lastKnownFileType = file.sks; path = GameScene.sks; sourceTree = "<group>"; };
		3C21F0A11CBC8BBD00F88104 /* GameViewController.h */ = {isa = PBXFileReference; lastKnownFileType = sourcecode.c.h; path = GameViewController.h; sourceTree = "<group>"; };
		3C21F0A21CBC8BBD00F88104 /* GameViewController.m */ = {isa = PBXFileReference; lastKnownFileType = sourcecode.c.objc; path = GameViewController.m; sourceTree = "<group>"; };
		3C21F0A51CBC8BBD00F88104 /* Base */ = {isa = PBXFileReference; lastKnownFileType = file.storyboard; name = Base; path = Base.lproj/Main.storyboard; sourceTree = "<group>"; };
		3C21F0A71CBC8BBD00F88104 /* Assets.xcassets */ = {isa = PBXFileReference; lastKnownFileType = folder.assetcatalog; path = Assets.xcassets; sourceTree = "<group>"; };
		3C21F0AA1CBC8BBD00F88104 /* Base */ = {isa = PBXFileReference; lastKnownFileType = file.storyboard; name = Base; path = Base.lproj/LaunchScreen.storyboard; sourceTree = "<group>"; };
		3C21F0AC1CBC8BBD00F88104 /* Info.plist */ = {isa = PBXFileReference; lastKnownFileType = text.plist.xml; path = Info.plist; sourceTree = "<group>"; };
		3C21F0B21CBC8CB400F88104 /* Rainbow.jpg */ = {isa = PBXFileReference; lastKnownFileType = image.jpeg; path = Rainbow.jpg; sourceTree = "<group>"; };
		3C21F0B41CBC8F4800F88104 /* shader_bw.fsh */ = {isa = PBXFileReference; fileEncoding = 4; lastKnownFileType = sourcecode.glsl; path = shader_bw.fsh; sourceTree = "<group>"; };
		3C21F0B61CBC8FA900F88104 /* dummypixel.png */ = {isa = PBXFileReference; lastKnownFileType = image.png; path = dummypixel.png; sourceTree = "<group>"; };
/* End PBXFileReference section */

/* Begin PBXFrameworksBuildPhase section */
		3C21F0901CBC8BBC00F88104 /* Frameworks */ = {
			isa = PBXFrameworksBuildPhase;
			buildActionMask = 2147483647;
			files = (
			);
			runOnlyForDeploymentPostprocessing = 0;
		};
/* End PBXFrameworksBuildPhase section */

/* Begin PBXGroup section */
		3C21F08A1CBC8BBC00F88104 = {
			isa = PBXGroup;
			children = (
				3C21F0951CBC8BBC00F88104 /* SKShaderBWWindow */,
				3C21F0941CBC8BBC00F88104 /* Products */,
			);
			sourceTree = "<group>";
		};
		3C21F0941CBC8BBC00F88104 /* Products */ = {
			isa = PBXGroup;
			children = (
				3C21F0931CBC8BBC00F88104 /* SKShaderBWWindow.app */,
			);
			name = Products;
			sourceTree = "<group>";
		};
		3C21F0951CBC8BBC00F88104 /* SKShaderBWWindow */ = {
			isa = PBXGroup;
			children = (
				3C21F0991CBC8BBC00F88104 /* AppDelegate.h */,
				3C21F09A1CBC8BBD00F88104 /* AppDelegate.m */,
				3C21F09C1CBC8BBD00F88104 /* GameScene.h */,
				3C21F09D1CBC8BBD00F88104 /* GameScene.m */,
				3C21F09F1CBC8BBD00F88104 /* GameScene.sks */,
				3C21F0A11CBC8BBD00F88104 /* GameViewController.h */,
				3C21F0A21CBC8BBD00F88104 /* GameViewController.m */,
				3C21F0B21CBC8CB400F88104 /* Rainbow.jpg */,
				3C21F0B61CBC8FA900F88104 /* dummypixel.png */,
				3C21F0B41CBC8F4800F88104 /* shader_bw.fsh */,
				3C21F0A41CBC8BBD00F88104 /* Main.storyboard */,
				3C21F0A71CBC8BBD00F88104 /* Assets.xcassets */,
				3C21F0A91CBC8BBD00F88104 /* LaunchScreen.storyboard */,
				3C21F0AC1CBC8BBD00F88104 /* Info.plist */,
				3C21F0961CBC8BBC00F88104 /* Supporting Files */,
			);
			path = SKShaderBWWindow;
			sourceTree = "<group>";
		};
		3C21F0961CBC8BBC00F88104 /* Supporting Files */ = {
			isa = PBXGroup;
			children = (
				3C21F0971CBC8BBC00F88104 /* main.m */,
			);
			name = "Supporting Files";
			sourceTree = "<group>";
		};
/* End PBXGroup section */

/* Begin PBXNativeTarget section */
		3C21F0921CBC8BBC00F88104 /* SKShaderBWWindow */ = {
			isa = PBXNativeTarget;
			buildConfigurationList = 3C21F0AF1CBC8BBD00F88104 /* Build configuration list for PBXNativeTarget "SKShaderBWWindow" */;
			buildPhases = (
				3C21F08F1CBC8BBC00F88104 /* Sources */,
				3C21F0901CBC8BBC00F88104 /* Frameworks */,
				3C21F0911CBC8BBC00F88104 /* Resources */,
			);
			buildRules = (
			);
			dependencies = (
			);
			name = SKShaderBWWindow;
			productName = SKShaderBWWindow;
			productReference = 3C21F0931CBC8BBC00F88104 /* SKShaderBWWindow.app */;
			productType = "com.apple.product-type.application";
		};
/* End PBXNativeTarget section */

/* Begin PBXProject section */
		3C21F08B1CBC8BBC00F88104 /* Project object */ = {
			isa = PBXProject;
			attributes = {
				LastUpgradeCheck = 0730;
				ORGANIZATIONNAME = HelpURock;
				TargetAttributes = {
					3C21F0921CBC8BBC00F88104 = {
						CreatedOnToolsVersion = 7.3;
					};
				};
			};
			buildConfigurationList = 3C21F08E1CBC8BBC00F88104 /* Build configuration list for PBXProject "SKShaderBWWindow" */;
			compatibilityVersion = "Xcode 3.2";
			developmentRegion = English;
			hasScannedForEncodings = 0;
			knownRegions = (
				en,
				Base,
			);
			mainGroup = 3C21F08A1CBC8BBC00F88104;
			productRefGroup = 3C21F0941CBC8BBC00F88104 /* Products */;
			projectDirPath = "";
			projectRoot = "";
			targets = (
				3C21F0921CBC8BBC00F88104 /* SKShaderBWWindow */,
			);
		};
/* End PBXProject section */

/* Begin PBXResourcesBuildPhase section */
		3C21F0911CBC8BBC00F88104 /* Resources */ = {
			isa = PBXResourcesBuildPhase;
			buildActionMask = 2147483647;
			files = (
				3C21F0B71CBC8FA900F88104 /* dummypixel.png in Resources */,
				3C21F0A01CBC8BBD00F88104 /* GameScene.sks in Resources */,
				3C21F0AB1CBC8BBD00F88104 /* LaunchScreen.storyboard in Resources */,
				3C21F0B31CBC8CB400F88104 /* Rainbow.jpg in Resources */,
				3C21F0A81CBC8BBD00F88104 /* Assets.xcassets in Resources */,
				3C21F0A61CBC8BBD00F88104 /* Main.storyboard in Resources */,
				3C21F0B51CBC8F4800F88104 /* shader_bw.fsh in Resources */,
			);
			runOnlyForDeploymentPostprocessing = 0;
		};
/* End PBXResourcesBuildPhase section */

/* Begin PBXSourcesBuildPhase section */
		3C21F08F1CBC8BBC00F88104 /* Sources */ = {
			isa = PBXSourcesBuildPhase;
			buildActionMask = 2147483647;
			files = (
				3C21F0A31CBC8BBD00F88104 /* GameViewController.m in Sources */,
				3C21F09B1CBC8BBD00F88104 /* AppDelegate.m in Sources */,
				3C21F09E1CBC8BBD00F88104 /* GameScene.m in Sources */,
				3C21F0981CBC8BBC00F88104 /* main.m in Sources */,
			);
			runOnlyForDeploymentPostprocessing = 0;
		};
/* End PBXSourcesBuildPhase section */

/* Begin PBXVariantGroup section */
		3C21F0A41CBC8BBD00F88104 /* Main.storyboard */ = {
			isa = PBXVariantGroup;
			children = (
				3C21F0A51CBC8BBD00F88104 /* Base */,
			);
			name = Main.storyboard;
			sourceTree = "<group>";
		};
		3C21F0A91CBC8BBD00F88104 /* LaunchScreen.storyboard */ = {
			isa = PBXVariantGroup;
			children = (
				3C21F0AA1CBC8BBD00F88104 /* Base */,
			);
			name = LaunchScreen.storyboard;
			sourceTree = "<group>";
		};
/* End PBXVariantGroup section */

/* Begin XCBuildConfiguration section */
		3C21F0AD1CBC8BBD00F88104 /* Debug */ = {
			isa = XCBuildConfiguration;
			buildSettings = {
				ALWAYS_SEARCH_USER_PATHS = NO;
				CLANG_ANALYZER_NONNULL = YES;
				CLANG_CXX_LANGUAGE_STANDARD = "gnu++0x";
				CLANG_CXX_LIBRARY = "libc++";
				CLANG_ENABLE_MODULES = YES;
				CLANG_ENABLE_OBJC_ARC = YES;
				CLANG_WARN_BOOL_CONVERSION = YES;
				CLANG_WARN_CONSTANT_CONVERSION = YES;
				CLANG_WARN_DIRECT_OBJC_ISA_USAGE = YES_ERROR;
				CLANG_WARN_EMPTY_BODY = YES;
				CLANG_WARN_ENUM_CONVERSION = YES;
				CLANG_WARN_INT_CONVERSION = YES;
				CLANG_WARN_OBJC_ROOT_CLASS = YES_ERROR;
				CLANG_WARN_UNREACHABLE_CODE = YES;
				CLANG_WARN__DUPLICATE_METHOD_MATCH = YES;
				"CODE_SIGN_IDENTITY[sdk=iphoneos*]" = "iPhone Developer";
				COPY_PHASE_STRIP = NO;
				DEBUG_INFORMATION_FORMAT = "dwarf-with-dsym";
				ENABLE_STRICT_OBJC_MSGSEND = YES;
				ENABLE_TESTABILITY = YES;
				GCC_C_LANGUAGE_STANDARD = gnu99;
				GCC_DYNAMIC_NO_PIC = NO;
				GCC_NO_COMMON_BLOCKS = YES;
				GCC_OPTIMIZATION_LEVEL = 0;
				GCC_PREPROCESSOR_DEFINITIONS = (
					"DEBUG=1",
					"$(inherited)",
				);
				GCC_WARN_64_TO_32_BIT_CONVERSION = YES;
				GCC_WARN_ABOUT_RETURN_TYPE = YES_ERROR;
				GCC_WARN_UNDECLARED_SELECTOR = YES;
				GCC_WARN_UNINITIALIZED_AUTOS = YES_AGGRESSIVE;
				GCC_WARN_UNUSED_FUNCTION = YES;
				GCC_WARN_UNUSED_VARIABLE = YES;
				IPHONEOS_DEPLOYMENT_TARGET = 8.0;
				MTL_ENABLE_DEBUG_INFO = YES;
				ONLY_ACTIVE_ARCH = YES;
				SDKROOT = iphoneos;
				TARGETED_DEVICE_FAMILY = "1,2";
			};
			name = Debug;
		};
		3C21F0AE1CBC8BBD00F88104 /* Release */ = {
			isa = XCBuildConfiguration;
			buildSettings = {
				ALWAYS_SEARCH_USER_PATHS = NO;
				CLANG_ANALYZER_NONNULL = YES;
				CLANG_CXX_LANGUAGE_STANDARD = "gnu++0x";
				CLANG_CXX_LIBRARY = "libc++";
				CLANG_ENABLE_MODULES = YES;
				CLANG_ENABLE_OBJC_ARC = YES;
				CLANG_WARN_BOOL_CONVERSION = YES;
				CLANG_WARN_CONSTANT_CONVERSION = YES;
				CLANG_WARN_DIRECT_OBJC_ISA_USAGE = YES_ERROR;
				CLANG_WARN_EMPTY_BODY = YES;
				CLANG_WARN_ENUM_CONVERSION = YES;
				CLANG_WARN_INT_CONVERSION = YES;
				CLANG_WARN_OBJC_ROOT_CLASS = YES_ERROR;
				CLANG_WARN_UNREACHABLE_CODE = YES;
				CLANG_WARN__DUPLICATE_METHOD_MATCH = YES;
				"CODE_SIGN_IDENTITY[sdk=iphoneos*]" = "iPhone Developer";
				COPY_PHASE_STRIP = NO;
				DEBUG_INFORMATION_FORMAT = "dwarf-with-dsym";
				ENABLE_NS_ASSERTIONS = NO;
				ENABLE_STRICT_OBJC_MSGSEND = YES;
				GCC_C_LANGUAGE_STANDARD = gnu99;
				GCC_NO_COMMON_BLOCKS = YES;
				GCC_WARN_64_TO_32_BIT_CONVERSION = YES;
				GCC_WARN_ABOUT_RETURN_TYPE = YES_ERROR;
				GCC_WARN_UNDECLARED_SELECTOR = YES;
				GCC_WARN_UNINITIALIZED_AUTOS = YES_AGGRESSIVE;
				GCC_WARN_UNUSED_FUNCTION = YES;
				GCC_WARN_UNUSED_VARIABLE = YES;
				IPHONEOS_DEPLOYMENT_TARGET = 8.0;
				MTL_ENABLE_DEBUG_INFO = NO;
				SDKROOT = iphoneos;
				TARGETED_DEVICE_FAMILY = "1,2";
				VALIDATE_PRODUCT = YES;
			};
			name = Release;
		};
		3C21F0B01CBC8BBD00F88104 /* Debug */ = {
			isa = XCBuildConfiguration;
			buildSettings = {
				ASSETCATALOG_COMPILER_APPICON_NAME = AppIcon;
				INFOPLIST_FILE = SKShaderBWWindow/Info.plist;
				LD_RUNPATH_SEARCH_PATHS = "$(inherited) @executable_path/Frameworks";
				PRODUCT_BUNDLE_IDENTIFIER = com.helpurock.SKShaderBWWindow;
				PRODUCT_NAME = "$(TARGET_NAME)";
			};
			name = Debug;
		};
		3C21F0B11CBC8BBD00F88104 /* Release */ = {
			isa = XCBuildConfiguration;
			buildSettings = {
				ASSETCATALOG_COMPILER_APPICON_NAME = AppIcon;
				INFOPLIST_FILE = SKShaderBWWindow/Info.plist;
				LD_RUNPATH_SEARCH_PATHS = "$(inherited) @executable_path/Frameworks";
				PRODUCT_BUNDLE_IDENTIFIER = com.helpurock.SKShaderBWWindow;
				PRODUCT_NAME = "$(TARGET_NAME)";
			};
			name = Release;
		};
/* End XCBuildConfiguration section */

/* Begin XCConfigurationList section */
		3C21F08E1CBC8BBC00F88104 /* Build configuration list for PBXProject "SKShaderBWWindow" */ = {
			isa = XCConfigurationList;
			buildConfigurations = (
				3C21F0AD1CBC8BBD00F88104 /* Debug */,
				3C21F0AE1CBC8BBD00F88104 /* Release */,
			);
			defaultConfigurationIsVisible = 0;
			defaultConfigurationName = Release;
		};
		3C21F0AF1CBC8BBD00F88104 /* Build configuration list for PBXNativeTarget "SKShaderBWWindow" */ = {
			isa = XCConfigurationList;
			buildConfigurations = (
				3C21F0B01CBC8BBD00F88104 /* Debug */,
				3C21F0B11CBC8BBD00F88104 /* Release */,
			);
			defaultConfigurationIsVisible = 0;
		};
/* End XCConfigurationList section */
	};
	rootObject = 3C21F08B1CBC8BBC00F88104 /* Project object */;
}
